
Microsoft Visual Studio Solution File, Format Version 12.00
# Visual Studio Version 17
VisualStudioVersion = 17.9.34701.34
MinimumVisualStudioVersion = 10.0.40219.1
Project("{FAE04EC0-301F-11D3-BF4B-00C04F79EFBC}") = "WPF_cable_journal_metal_sleeve", "WPF_cable_journal_metal_sleeve.csproj", "{C6540251-44AF-4A37-98E9-B9A0E3DB8DD7}"
EndProject
Global
	GlobalSection(SolutionConfigurationPlatforms) = preSolution
		Debug|Any CPU = Debug|Any CPU
		Release|Any CPU = Release|Any CPU
	EndGlobalSection
	GlobalSection(ProjectConfigurationPlatforms) = postSolution
		{C6540251-44AF-4A37-98E9-B9A0E3DB8DD7}.Debug|Any CPU.ActiveCfg = Debug|Any CPU
		{C6540251-44AF-4A37-98E9-B9A0E3DB8DD7}.Debug|Any CPU.Build.0 = Debug|Any CPU
		{C6540251-44AF-4A37-98E9-B9A0E3DB8DD7}.Release|Any CPU.ActiveCfg = Release|Any CPU
		{C6540251-44AF-4A37-98E9-B9A0E3DB8DD7}.Release|Any CPU.Build.0 = Release|Any CPU
	EndGlobalSection
	GlobalSection(SolutionProperties) = preSolution
		HideSolutionNode = FALSE
	EndGlobalSection
	GlobalSection(ExtensibilityGlobals) = postSolution
		SolutionGuid = {ED86DA98-BEBE-488B-9B2A-CB8B3CC24E09}
	EndGlobalSection
EndGlobal
